
Microsoft Visual Studio Solution File, Format Version 12.00
# Visual Studio 14
VisualStudioVersion = 14.0.25123.0
MinimumVisualStudioVersion = 10.0.40219.1
Project("{FAE04EC0-301F-11D3-BF4B-00C04F79EFBC}") = "BT.Banana.Web", "BT.Banana.Web\BT.Banana.Web.csproj", "{51222E4A-26C9-4314-891D-3F4629EEFD7A}"
EndProject
Project("{FAE04EC0-301F-11D3-BF4B-00C04F79EFBC}") = "Resources", "Resources\Resources.csproj", "{B6F5539D-C329-4FB5-B1A5-632EDD4A3291}"
EndProject
Global
	GlobalSection(SolutionConfigurationPlatforms) = preSolution
		Debug|Any CPU = Debug|Any CPU
		Release|Any CPU = Release|Any CPU
	EndGlobalSection
	GlobalSection(ProjectConfigurationPlatforms) = postSolution
		{51222E4A-26C9-4314-891D-3F4629EEFD7A}.Debug|Any CPU.ActiveCfg = Debug|Any CPU
		{51222E4A-26C9-4314-891D-3F4629EEFD7A}.Debug|Any CPU.Build.0 = Debug|Any CPU
		{51222E4A-26C9-4314-891D-3F4629EEFD7A}.Release|Any CPU.ActiveCfg = Release|Any CPU
		{51222E4A-26C9-4314-891D-3F4629EEFD7A}.Release|Any CPU.Build.0 = Release|Any CPU
		{B6F5539D-C329-4FB5-B1A5-632EDD4A3291}.Debug|Any CPU.ActiveCfg = Debug|Any CPU
		{B6F5539D-C329-4FB5-B1A5-632EDD4A3291}.Debug|Any CPU.Build.0 = Debug|Any CPU
		{B6F5539D-C329-4FB5-B1A5-632EDD4A3291}.Release|Any CPU.ActiveCfg = Release|Any CPU
		{B6F5539D-C329-4FB5-B1A5-632EDD4A3291}.Release|Any CPU.Build.0 = Release|Any CPU
	EndGlobalSection
	GlobalSection(SolutionProperties) = preSolution
		HideSolutionNode = FALSE
	EndGlobalSection
EndGlobal
